Microsoft Visual Studio Solution File, Format Version 11.00
# Visual Studio 2010
Project("{F184B08F-C81C-45F6-A57F-5ABD9991F28F}") = "ListBoxFilteringUsingSearchPanel", "ListBoxFilteringUsingSearchPanel\ListBoxFilteringUsingSearchPanel.vbproj", "{85C3ED8F-B793-4D93-BCEA-24349A36A25E}"
EndProject
Global
	GlobalSection(SolutionConfigurationPlatforms) = preSolution
		Debug|Any CPU = Debug|Any CPU
		Release|Any CPU = Release|Any CPU
	EndGlobalSection
	GlobalSection(ProjectConfigurationPlatforms) = postSolution
		{85C3ED8F-B793-4D93-BCEA-24349A36A25E}.Debug|Any CPU.ActiveCfg = Debug|Any CPU
		{85C3ED8F-B793-4D93-BCEA-24349A36A25E}.Debug|Any CPU.Build.0 = Debug|Any CPU
		{85C3ED8F-B793-4D93-BCEA-24349A36A25E}.Release|Any CPU.ActiveCfg = Release|Any CPU
		{85C3ED8F-B793-4D93-BCEA-24349A36A25E}.Release|Any CPU.Build.0 = Release|Any CPU
	EndGlobalSection
	GlobalSection(SolutionProperties) = preSolution
		HideSolutionNode = FALSE
	EndGlobalSection
EndGlobal
